
Microsoft Visual Studio Solution File, Format Version 12.00
# Visual Studio Version 17
VisualStudioVersion = 17.1.32328.378
MinimumVisualStudioVersion = 10.0.40219.1
Project("{FAE04EC0-301F-11D3-BF4B-00C04F79EFBC}") = "DataAccess", "DataAccess\DataAccess.csproj", "{B9E40665-02E9-46BD-8D01-7A8B8CB23EB7}"
EndProject
Project("{FAE04EC0-301F-11D3-BF4B-00C04F79EFBC}") = "Business", "Business\Business.csproj", "{2228606B-078C-42C9-8AF9-48A494354C64}"
EndProject
Project("{FAE04EC0-301F-11D3-BF4B-00C04F79EFBC}") = "Entities", "Entities\Entities.csproj", "{BDA0D6A0-23D4-4808-B476-105ECC5647C2}"
EndProject
Project("{FAE04EC0-301F-11D3-BF4B-00C04F79EFBC}") = "ConsoleUI", "ConsoleUI\ConsoleUI.csproj", "{FC18E6A4-6781-415F-B25E-0DA2A2FBFA7B}"
EndProject
Global
	GlobalSection(SolutionConfigurationPlatforms) = preSolution
		Debug|Any CPU = Debug|Any CPU
		Release|Any CPU = Release|Any CPU
	EndGlobalSection
	GlobalSection(ProjectConfigurationPlatforms) = postSolution
		{B9E40665-02E9-46BD-8D01-7A8B8CB23EB7}.Debug|Any CPU.ActiveCfg = Debug|Any CPU
		{B9E40665-02E9-46BD-8D01-7A8B8CB23EB7}.Debug|Any CPU.Build.0 = Debug|Any CPU
		{B9E40665-02E9-46BD-8D01-7A8B8CB23EB7}.Release|Any CPU.ActiveCfg = Release|Any CPU
		{B9E40665-02E9-46BD-8D01-7A8B8CB23EB7}.Release|Any CPU.Build.0 = Release|Any CPU
		{2228606B-078C-42C9-8AF9-48A494354C64}.Debug|Any CPU.ActiveCfg = Debug|Any CPU
		{2228606B-078C-42C9-8AF9-48A494354C64}.Debug|Any CPU.Build.0 = Debug|Any CPU
		{2228606B-078C-42C9-8AF9-48A494354C64}.Release|Any CPU.ActiveCfg = Release|Any CPU
		{2228606B-078C-42C9-8AF9-48A494354C64}.Release|Any CPU.Build.0 = Release|Any CPU
		{BDA0D6A0-23D4-4808-B476-105ECC5647C2}.Debug|Any CPU.ActiveCfg = Debug|Any CPU
		{BDA0D6A0-23D4-4808-B476-105ECC5647C2}.Debug|Any CPU.Build.0 = Debug|Any CPU
		{BDA0D6A0-23D4-4808-B476-105ECC5647C2}.Release|Any CPU.ActiveCfg = Release|Any CPU
		{BDA0D6A0-23D4-4808-B476-105ECC5647C2}.Release|Any CPU.Build.0 = Release|Any CPU
		{FC18E6A4-6781-415F-B25E-0DA2A2FBFA7B}.Debug|Any CPU.ActiveCfg = Debug|Any CPU
		{FC18E6A4-6781-415F-B25E-0DA2A2FBFA7B}.Debug|Any CPU.Build.0 = Debug|Any CPU
		{FC18E6A4-6781-415F-B25E-0DA2A2FBFA7B}.Release|Any CPU.ActiveCfg = Release|Any CPU
		{FC18E6A4-6781-415F-B25E-0DA2A2FBFA7B}.Release|Any CPU.Build.0 = Release|Any CPU
	EndGlobalSection
	GlobalSection(SolutionProperties) = preSolution
		HideSolutionNode = FALSE
	EndGlobalSection
	GlobalSection(ExtensibilityGlobals) = postSolution
		SolutionGuid = {46FC9239-9815-4A7A-A687-35EBE89C04D2}
	EndGlobalSection
EndGlobal
